// !$*UTF8*$!
{
	archiveVersion = 1;
	classes = {
	};
	objectVersion = 46;
	objects = {

/* Begin PBXBuildFile section */
		9E05B7051C613901004B7A51 /* main.m in Sources */ = {isa = PBXBuildFile; fileRef = 9E05B7041C613901004B7A51 /* main.m */; };
		9E05B7081C613901004B7A51 /* AppDelegate.m in Sources */ = {isa = PBXBuildFile; fileRef = 9E05B7071C613901004B7A51 /* AppDelegate.m */; };
		9E05B70B1C613901004B7A51 /* LoginViewController.m in Sources */ = {isa = PBXBuildFile; fileRef = 9E05B70A1C613901004B7A51 /* LoginViewController.m */; };
		9E05B7101C613901004B7A51 /* Assets.xcassets in Resources */ = {isa = PBXBuildFile; fileRef = 9E05B70F1C613901004B7A51 /* Assets.xcassets */; };
		9E05B7131C613901004B7A51 /* LaunchScreen.storyboard in Resources */ = {isa = PBXBuildFile; fileRef = 9E05B7111C613901004B7A51 /* LaunchScreen.storyboard */; };
		9E05B71E1C613901004B7A51 /* ToDoListTests.m in Sources */ = {isa = PBXBuildFile; fileRef = 9E05B71D1C613901004B7A51 /* ToDoListTests.m */; };
		9E05B7291C613901004B7A51 /* ToDoListUITests.m in Sources */ = {isa = PBXBuildFile; fileRef = 9E05B7281C613901004B7A51 /* ToDoListUITests.m */; };
		9E22D3D41C61909D00E88020 /* CoreGraphics.framework in Frameworks */ = {isa = PBXBuildFile; fileRef = 9E22D3D31C61909D00E88020 /* CoreGraphics.framework */; };
		9E22D3D61C6190A300E88020 /* QuartzCore.framework in Frameworks */ = {isa = PBXBuildFile; fileRef = 9E22D3D51C6190A300E88020 /* QuartzCore.framework */; };
		9E22D3D81C6190B000E88020 /* AudioToolbox.framework in Frameworks */ = {isa = PBXBuildFile; fileRef = 9E22D3D71C6190B000E88020 /* AudioToolbox.framework */; };
		9E22D3DA1C6190BC00E88020 /* CFNetwork.framework in Frameworks */ = {isa = PBXBuildFile; fileRef = 9E22D3D91C6190BC00E88020 /* CFNetwork.framework */; };
		9E22D3DC1C6190C800E88020 /* CoreLocation.framework in Frameworks */ = {isa = PBXBuildFile; fileRef = 9E22D3DB1C6190C800E88020 /* CoreLocation.framework */; };
		9E22D3DE1C6190D500E88020 /* Security.framework in Frameworks */ = {isa = PBXBuildFile; fileRef = 9E22D3DD1C6190D500E88020 /* Security.framework */; };
		9E22D3E01C6190DC00E88020 /* StoreKit.framework in Frameworks */ = {isa = PBXBuildFile; fileRef = 9E22D3DF1C6190DC00E88020 /* StoreKit.framework */; };
		9E22D3E21C6190E900E88020 /* SystemConfiguration.framework in Frameworks */ = {isa = PBXBuildFile; fileRef = 9E22D3E11C6190E900E88020 /* SystemConfiguration.framework */; };
		9E22D3E41C6190F300E88020 /* libz.tbd in Frameworks */ = {isa = PBXBuildFile; fileRef = 9E22D3E31C6190F300E88020 /* libz.tbd */; };
		9E22D3E61C61910200E88020 /* libsqlite3.tbd in Frameworks */ = {isa = PBXBuildFile; fileRef = 9E22D3E51C61910200E88020 /* libsqlite3.tbd */; };
		9E22D4051C61943C00E88020 /* Bolts.framework in Frameworks */ = {isa = PBXBuildFile; fileRef = 9E22D3FF1C61943C00E88020 /* Bolts.framework */; };
		9E22D4061C61943C00E88020 /* Parse.framework in Frameworks */ = {isa = PBXBuildFile; fileRef = 9E22D4001C61943C00E88020 /* Parse.framework */; };
		9E22D4071C61943C00E88020 /* ParseFacebookUtils.framework in Frameworks */ = {isa = PBXBuildFile; fileRef = 9E22D4011C61943C00E88020 /* ParseFacebookUtils.framework */; };
		9E22D4081C61943C00E88020 /* ParseFacebookUtilsV4.framework in Frameworks */ = {isa = PBXBuildFile; fileRef = 9E22D4021C61943C00E88020 /* ParseFacebookUtilsV4.framework */; };
		9E22D4091C61943C00E88020 /* ParseTwitterUtils.framework in Frameworks */ = {isa = PBXBuildFile; fileRef = 9E22D4031C61943C00E88020 /* ParseTwitterUtils.framework */; };
		9E22D40A1C61943C00E88020 /* ParseUI.framework in Frameworks */ = {isa = PBXBuildFile; fileRef = 9E22D4041C61943C00E88020 /* ParseUI.framework */; };
		9E22D42E1C61A09400E88020 /* CustomLoginViewController.m in Sources */ = {isa = PBXBuildFile; fileRef = 9E22D42D1C61A09400E88020 /* CustomLoginViewController.m */; };
		9E4F7DAE1CB6E0D6001DE89A /* logo.png in Resources */ = {isa = PBXBuildFile; fileRef = 9E4F7DAD1CB6E0D6001DE89A /* logo.png */; };
		9E64BF6C1D5BDB5F009F8470 /* CustomTableCell.m in Sources */ = {isa = PBXBuildFile; fileRef = 9E64BF6B1D5BDB5F009F8470 /* CustomTableCell.m */; };
		9E9E5EF41C62E48800C0FC50 /* LandingViewController.m in Sources */ = {isa = PBXBuildFile; fileRef = 9E9E5EF31C62E48800C0FC50 /* LandingViewController.m */; };
		9E9E5EFC1C63D9F000C0FC50 /* DocSets in Resources */ = {isa = PBXBuildFile; fileRef = 9E9E5EF51C63D9F000C0FC50 /* DocSets */; };
		9E9E5EFD1C63D9F000C0FC50 /* FacebookSDKStrings.bundle in Resources */ = {isa = PBXBuildFile; fileRef = 9E9E5EF61C63D9F000C0FC50 /* FacebookSDKStrings.bundle */; };
		9E9E5EFE1C63D9F000C0FC50 /* FBAudienceNetwork.framework in Frameworks */ = {isa = PBXBuildFile; fileRef = 9E9E5EF71C63D9F000C0FC50 /* FBAudienceNetwork.framework */; };
		9E9E5EFF1C63D9F000C0FC50 /* FBSDKCoreKit.framework in Frameworks */ = {isa = PBXBuildFile; fileRef = 9E9E5EF81C63D9F000C0FC50 /* FBSDKCoreKit.framework */; };
		9E9E5F001C63D9F000C0FC50 /* FBSDKLoginKit.framework in Frameworks */ = {isa = PBXBuildFile; fileRef = 9E9E5EF91C63D9F000C0FC50 /* FBSDKLoginKit.framework */; };
		9E9E5F011C63D9F000C0FC50 /* FBSDKMessengerShareKit.framework in Frameworks */ = {isa = PBXBuildFile; fileRef = 9E9E5EFA1C63D9F000C0FC50 /* FBSDKMessengerShareKit.framework */; };
		9E9E5F021C63D9F000C0FC50 /* FBSDKShareKit.framework in Frameworks */ = {isa = PBXBuildFile; fileRef = 9E9E5EFB1C63D9F000C0FC50 /* FBSDKShareKit.framework */; };
		9EEF76661CA5F88F008825B7 /* MainView.m in Sources */ = {isa = PBXBuildFile; fileRef = 9EEF76651CA5F88F008825B7 /* MainView.m */; };
		9EEF76681CA7690F008825B7 /* Main.storyboard in Resources */ = {isa = PBXBuildFile; fileRef = 9EEF76671CA7690F008825B7 /* Main.storyboard */; };
		9EEF766C1CA7AEA2008825B7 /* NoteView.m in Sources */ = {isa = PBXBuildFile; fileRef = 9EEF766B1CA7AEA2008825B7 /* NoteView.m */; };
/* End PBXBuildFile section */

/* Begin PBXContainerItemProxy section */
		9E05B71A1C613901004B7A51 /* PBXContainerItemProxy */ = {
			isa = PBXContainerItemProxy;
			containerPortal = 9E05B6F81C613901004B7A51 /* Project object */;
			proxyType = 1;
			remoteGlobalIDString = 9E05B6FF1C613901004B7A51;
			remoteInfo = ToDoList;
		};
		9E05B7251C613901004B7A51 /* PBXContainerItemProxy */ = {
			isa = PBXContainerItemProxy;
			containerPortal = 9E05B6F81C613901004B7A51 /* Project object */;
			proxyType = 1;
			remoteGlobalIDString = 9E05B6FF1C613901004B7A51;
			remoteInfo = ToDoList;
		};
/* End PBXContainerItemProxy section */

/* Begin PBXFileReference section */
		9E05B7001C613901004B7A51 /* ToDoList.app */ = {isa = PBXFileReference; explicitFileType = wrapper.application; includeInIndex = 0; path = ToDoList.app; sourceTree = BUILT_PRODUCTS_DIR; };
		9E05B7041C613901004B7A51 /* main.m */ = {isa = PBXFileReference; lastKnownFileType = sourcecode.c.objc; path = main.m; sourceTree = "<group>"; };
		9E05B7061C613901004B7A51 /* AppDelegate.h */ = {isa = PBXFileReference; lastKnownFileType = sourcecode.c.h; path = AppDelegate.h; sourceTree = "<group>"; };
		9E05B7071C613901004B7A51 /* AppDelegate.m */ = {isa = PBXFileReference; lastKnownFileType = sourcecode.c.objc; path = AppDelegate.m; sourceTree = "<group>"; };
		9E05B7091C613901004B7A51 /* LoginViewController.h */ = {isa = PBXFileReference; lastKnownFileType = sourcecode.c.h; path = LoginViewController.h; sourceTree = "<group>"; };
		9E05B70A1C613901004B7A51 /* LoginViewController.m */ = {isa = PBXFileReference; lastKnownFileType = sourcecode.c.objc; path = LoginViewController.m; sourceTree = "<group>"; };
		9E05B70F1C613901004B7A51 /* Assets.xcassets */ = {isa = PBXFileReference; lastKnownFileType = folder.assetcatalog; path = Assets.xcassets; sourceTree = "<group>"; };
		9E05B7121C613901004B7A51 /* Base */ = {isa = PBXFileReference; lastKnownFileType = file.storyboard; name = Base; path = Base.lproj/LaunchScreen.storyboard; sourceTree = "<group>"; };
		9E05B7141C613901004B7A51 /* Info.plist */ = {isa = PBXFileReference; lastKnownFileType = text.plist.xml; path = Info.plist; sourceTree = "<group>"; };
		9E05B7191C613901004B7A51 /* ToDoListTests.xctest */ = {isa = PBXFileReference; explicitFileType = wrapper.cfbundle; includeInIndex = 0; path = ToDoListTests.xctest; sourceTree = BUILT_PRODUCTS_DIR; };
		9E05B71D1C613901004B7A51 /* ToDoListTests.m */ = {isa = PBXFileReference; lastKnownFileType = sourcecode.c.objc; path = ToDoListTests.m; sourceTree = "<group>"; };
		9E05B71F1C613901004B7A51 /* Info.plist */ = {isa = PBXFileReference; lastKnownFileType = text.plist.xml; path = Info.plist; sourceTree = "<group>"; };
		9E05B7241C613901004B7A51 /* ToDoListUITests.xctest */ = {isa = PBXFileReference; explicitFileType = wrapper.cfbundle; includeInIndex = 0; path = ToDoListUITests.xctest; sourceTree = BUILT_PRODUCTS_DIR; };
		9E05B7281C613901004B7A51 /* ToDoListUITests.m */ = {isa = PBXFileReference; lastKnownFileType = sourcecode.c.objc; path = ToDoListUITests.m; sourceTree = "<group>"; };
		9E05B72A1C613901004B7A51 /* Info.plist */ = {isa = PBXFileReference; lastKnownFileType = text.plist.xml; path = Info.plist; sourceTree = "<group>"; };
		9E22D3D31C61909D00E88020 /* CoreGraphics.framework */ = {isa = PBXFileReference; lastKnownFileType = wrapper.framework; name = CoreGraphics.framework; path = System/Library/Frameworks/CoreGraphics.framework; sourceTree = SDKROOT; };
		9E22D3D51C6190A300E88020 /* QuartzCore.framework */ = {isa = PBXFileReference; lastKnownFileType = wrapper.framework; name = QuartzCore.framework; path = System/Library/Frameworks/QuartzCore.framework; sourceTree = SDKROOT; };
		9E22D3D71C6190B000E88020 /* AudioToolbox.framework */ = {isa = PBXFileReference; lastKnownFileType = wrapper.framework; name = AudioToolbox.framework; path = System/Library/Frameworks/AudioToolbox.framework; sourceTree = SDKROOT; };
		9E22D3D91C6190BC00E88020 /* CFNetwork.framework */ = {isa = PBXFileReference; lastKnownFileType = wrapper.framework; name = CFNetwork.framework; path = System/Library/Frameworks/CFNetwork.framework; sourceTree = SDKROOT; };
		9E22D3DB1C6190C800E88020 /* CoreLocation.framework */ = {isa = PBXFileReference; lastKnownFileType = wrapper.framework; name = CoreLocation.framework; path = System/Library/Frameworks/CoreLocation.framework; sourceTree = SDKROOT; };
		9E22D3DD1C6190D500E88020 /* Security.framework */ = {isa = PBXFileReference; lastKnownFileType = wrapper.framework; name = Security.framework; path = System/Library/Frameworks/Security.framework; sourceTree = SDKROOT; };
		9E22D3DF1C6190DC00E88020 /* StoreKit.framework */ = {isa = PBXFileReference; lastKnownFileType = wrapper.framework; name = StoreKit.framework; path = System/Library/Frameworks/StoreKit.framework; sourceTree = SDKROOT; };
		9E22D3E11C6190E900E88020 /* SystemConfiguration.framework */ = {isa = PBXFileReference; lastKnownFileType = wrapper.framework; name = SystemConfiguration.framework; path = System/Library/Frameworks/SystemConfiguration.framework; sourceTree = SDKROOT; };
		9E22D3E31C6190F300E88020 /* libz.tbd */ = {isa = PBXFileReference; lastKnownFileType = "sourcecode.text-based-dylib-definition"; name = libz.tbd; path = usr/lib/libz.tbd; sourceTree = SDKROOT; };
		9E22D3E51C61910200E88020 /* libsqlite3.tbd */ = {isa = PBXFileReference; lastKnownFileType = "sourcecode.text-based-dylib-definition"; name = libsqlite3.tbd; path = usr/lib/libsqlite3.tbd; sourceTree = SDKROOT; };
		9E22D3FF1C61943C00E88020 /* Bolts.framework */ = {isa = PBXFileReference; lastKnownFileType = wrapper.framework; path = Bolts.framework; sourceTree = "<group>"; };
		9E22D4001C61943C00E88020 /* Parse.framework */ = {isa = PBXFileReference; lastKnownFileType = wrapper.framework; path = Parse.framework; sourceTree = "<group>"; };
		9E22D4011C61943C00E88020 /* ParseFacebookUtils.framework */ = {isa = PBXFileReference; lastKnownFileType = wrapper.framework; path = ParseFacebookUtils.framework; sourceTree = "<group>"; };
		9E22D4021C61943C00E88020 /* ParseFacebookUtilsV4.framework */ = {isa = PBXFileReference; lastKnownFileType = wrapper.framework; path = ParseFacebookUtilsV4.framework; sourceTree = "<group>"; };
		9E22D4031C61943C00E88020 /* ParseTwitterUtils.framework */ = {isa = PBXFileReference; lastKnownFileType = wrapper.framework; path = ParseTwitterUtils.framework; sourceTree = "<group>"; };
		9E22D4041C61943C00E88020 /* ParseUI.framework */ = {isa = PBXFileReference; lastKnownFileType = wrapper.framework; path = ParseUI.framework; sourceTree = "<group>"; };
		9E22D42C1C61A09400E88020 /* CustomLoginViewController.h */ = {isa = PBXFileReference; fileEncoding = 4; lastKnownFileType = sourcecode.c.h; path = CustomLoginViewController.h; sourceTree = "<group>"; };
		9E22D42D1C61A09400E88020 /* CustomLoginViewController.m */ = {isa = PBXFileReference; fileEncoding = 4; lastKnownFileType = sourcecode.c.objc; path = CustomLoginViewController.m; sourceTree = "<group>"; };
		9E4F7DAD1CB6E0D6001DE89A /* logo.png */ = {isa = PBXFileReference; lastKnownFileType = image.png; path = logo.png; sourceTree = "<group>"; };
		9E64BF6A1D5BDB5F009F8470 /* CustomTableCell.h */ = {isa = PBXFileReference; fileEncoding = 4; lastKnownFileType = sourcecode.c.h; path = CustomTableCell.h; sourceTree = "<group>"; };
		9E64BF6B1D5BDB5F009F8470 /* CustomTableCell.m */ = {isa = PBXFileReference; fileEncoding = 4; lastKnownFileType = sourcecode.c.objc; path = CustomTableCell.m; sourceTree = "<group>"; };
		9E9E5EF21C62E48800C0FC50 /* LandingViewController.h */ = {isa = PBXFileReference; fileEncoding = 4; lastKnownFileType = sourcecode.c.h; path = LandingViewController.h; sourceTree = "<group>"; };
		9E9E5EF31C62E48800C0FC50 /* LandingViewController.m */ = {isa = PBXFileReference; fileEncoding = 4; lastKnownFileType = sourcecode.c.objc; path = LandingViewController.m; sourceTree = "<group>"; };
		9E9E5EF51C63D9F000C0FC50 /* DocSets */ = {isa = PBXFileReference; lastKnownFileType = folder; path = DocSets; sourceTree = "<group>"; };
		9E9E5EF61C63D9F000C0FC50 /* FacebookSDKStrings.bundle */ = {isa = PBXFileReference; lastKnownFileType = "wrapper.plug-in"; path = FacebookSDKStrings.bundle; sourceTree = "<group>"; };
		9E9E5EF71C63D9F000C0FC50 /* FBAudienceNetwork.framework */ = {isa = PBXFileReference; lastKnownFileType = wrapper.framework; path = FBAudienceNetwork.framework; sourceTree = "<group>"; };
		9E9E5EF81C63D9F000C0FC50 /* FBSDKCoreKit.framework */ = {isa = PBXFileReference; lastKnownFileType = wrapper.framework; path = FBSDKCoreKit.framework; sourceTree = "<group>"; };
		9E9E5EF91C63D9F000C0FC50 /* FBSDKLoginKit.framework */ = {isa = PBXFileReference; lastKnownFileType = wrapper.framework; path = FBSDKLoginKit.framework; sourceTree = "<group>"; };
		9E9E5EFA1C63D9F000C0FC50 /* FBSDKMessengerShareKit.framework */ = {isa = PBXFileReference; lastKnownFileType = wrapper.framework; path = FBSDKMessengerShareKit.framework; sourceTree = "<group>"; };
		9E9E5EFB1C63D9F000C0FC50 /* FBSDKShareKit.framework */ = {isa = PBXFileReference; lastKnownFileType = wrapper.framework; path = FBSDKShareKit.framework; sourceTree = "<group>"; };
		9EEF76641CA5F88F008825B7 /* MainView.h */ = {isa = PBXFileReference; fileEncoding = 4; lastKnownFileType = sourcecode.c.h; name = MainView.h; path = ../MainView.h; sourceTree = "<group>"; };
		9EEF76651CA5F88F008825B7 /* MainView.m */ = {isa = PBXFileReference; fileEncoding = 4; lastKnownFileType = sourcecode.c.objc; name = MainView.m; path = ../MainView.m; sourceTree = "<group>"; };
		9EEF76671CA7690F008825B7 /* Main.storyboard */ = {isa = PBXFileReference; fileEncoding = 4; lastKnownFileType = file.storyboard; path = Main.storyboard; sourceTree = "<group>"; };
		9EEF766A1CA7AEA2008825B7 /* NoteView.h */ = {isa = PBXFileReference; fileEncoding = 4; lastKnownFileType = sourcecode.c.h; name = NoteView.h; path = ../NoteView.h; sourceTree = "<group>"; };
		9EEF766B1CA7AEA2008825B7 /* NoteView.m */ = {isa = PBXFileReference; fileEncoding = 4; lastKnownFileType = sourcecode.c.objc; name = NoteView.m; path = ../NoteView.m; sourceTree = "<group>"; };
/* End PBXFileReference section */

/* Begin PBXFrameworksBuildPhase section */
		9E05B6FD1C613901004B7A51 /* Frameworks */ = {
			isa = PBXFrameworksBuildPhase;
			buildActionMask = 2147483647;
			files = (
				9E22D3E61C61910200E88020 /* libsqlite3.tbd in Frameworks */,
				9E22D3E41C6190F300E88020 /* libz.tbd in Frameworks */,
				9E9E5EFE1C63D9F000C0FC50 /* FBAudienceNetwork.framework in Frameworks */,
				9E22D4081C61943C00E88020 /* ParseFacebookUtilsV4.framework in Frameworks */,
				9E22D3E21C6190E900E88020 /* SystemConfiguration.framework in Frameworks */,
				9E22D4091C61943C00E88020 /* ParseTwitterUtils.framework in Frameworks */,
				9E22D3E01C6190DC00E88020 /* StoreKit.framework in Frameworks */,
				9E9E5EFF1C63D9F000C0FC50 /* FBSDKCoreKit.framework in Frameworks */,
				9E22D40A1C61943C00E88020 /* ParseUI.framework in Frameworks */,
				9E22D3DE1C6190D500E88020 /* Security.framework in Frameworks */,
				9E22D3DC1C6190C800E88020 /* CoreLocation.framework in Frameworks */,
				9E22D3DA1C6190BC00E88020 /* CFNetwork.framework in Frameworks */,
				9E9E5F011C63D9F000C0FC50 /* FBSDKMessengerShareKit.framework in Frameworks */,
				9E22D3D81C6190B000E88020 /* AudioToolbox.framework in Frameworks */,
				9E9E5F001C63D9F000C0FC50 /* FBSDKLoginKit.framework in Frameworks */,
				9E22D4051C61943C00E88020 /* Bolts.framework in Frameworks */,
				9E22D3D61C6190A300E88020 /* QuartzCore.framework in Frameworks */,
				9E9E5F021C63D9F000C0FC50 /* FBSDKShareKit.framework in Frameworks */,
				9E22D4061C61943C00E88020 /* Parse.framework in Frameworks */,
				9E22D3D41C61909D00E88020 /* CoreGraphics.framework in Frameworks */,
				9E22D4071C61943C00E88020 /* ParseFacebookUtils.framework in Frameworks */,
			);
			runOnlyForDeploymentPostprocessing = 0;
		};
		9E05B7161C613901004B7A51 /* Frameworks */ = {
			isa = PBXFrameworksBuildPhase;
			buildActionMask = 2147483647;
			files = (
			);
			runOnlyForDeploymentPostprocessing = 0;
		};
		9E05B7211C613901004B7A51 /* Frameworks */ = {
			isa = PBXFrameworksBuildPhase;
			buildActionMask = 2147483647;
			files = (
			);
			runOnlyForDeploymentPostprocessing = 0;
		};
/* End PBXFrameworksBuildPhase section */

/* Begin PBXGroup section */
		9E05B6F71C613901004B7A51 = {
			isa = PBXGroup;
			children = (
				9E22D3D21C61907300E88020 /* framework */,
				9E05B7021C613901004B7A51 /* ToDoList */,
				9E05B71C1C613901004B7A51 /* ToDoListTests */,
				9E05B7271C613901004B7A51 /* ToDoListUITests */,
				9E05B7011C613901004B7A51 /* Products */,
			);
			sourceTree = "<group>";
		};
		9E05B7011C613901004B7A51 /* Products */ = {
			isa = PBXGroup;
			children = (
				9E05B7001C613901004B7A51 /* ToDoList.app */,
				9E05B7191C613901004B7A51 /* ToDoListTests.xctest */,
				9E05B7241C613901004B7A51 /* ToDoListUITests.xctest */,
			);
			name = Products;
			sourceTree = "<group>";
		};
		9E05B7021C613901004B7A51 /* ToDoList */ = {
			isa = PBXGroup;
			children = (
				9E05B7061C613901004B7A51 /* AppDelegate.h */,
				9E05B7071C613901004B7A51 /* AppDelegate.m */,
				9E05B70F1C613901004B7A51 /* Assets.xcassets */,
				9E05B7111C613901004B7A51 /* LaunchScreen.storyboard */,
				9EEF76671CA7690F008825B7 /* Main.storyboard */,
				9E05B7141C613901004B7A51 /* Info.plist */,
				9E4F7DAD1CB6E0D6001DE89A /* logo.png */,
				9E22D4111C61997300E88020 /* ViewControllers */,
				9E05B7031C613901004B7A51 /* Supporting Files */,
			);
			path = ToDoList;
			sourceTree = "<group>";
		};
		9E05B7031C613901004B7A51 /* Supporting Files */ = {
			isa = PBXGroup;
			children = (
				9E05B7041C613901004B7A51 /* main.m */,
			);
			name = "Supporting Files";
			sourceTree = "<group>";
		};
		9E05B71C1C613901004B7A51 /* ToDoListTests */ = {
			isa = PBXGroup;
			children = (
				9E05B71D1C613901004B7A51 /* ToDoListTests.m */,
				9E05B71F1C613901004B7A51 /* Info.plist */,
			);
			path = ToDoListTests;
			sourceTree = "<group>";
		};
		9E05B7271C613901004B7A51 /* ToDoListUITests */ = {
			isa = PBXGroup;
			children = (
				9E05B7281C613901004B7A51 /* ToDoListUITests.m */,
				9E05B72A1C613901004B7A51 /* Info.plist */,
			);
			path = ToDoListUITests;
			sourceTree = "<group>";
		};
		9E22D3D21C61907300E88020 /* framework */ = {
			isa = PBXGroup;
			children = (
				9E9E5EF51C63D9F000C0FC50 /* DocSets */,
				9E9E5EF61C63D9F000C0FC50 /* FacebookSDKStrings.bundle */,
				9E9E5EF71C63D9F000C0FC50 /* FBAudienceNetwork.framework */,
				9E9E5EF81C63D9F000C0FC50 /* FBSDKCoreKit.framework */,
				9E9E5EF91C63D9F000C0FC50 /* FBSDKLoginKit.framework */,
				9E9E5EFA1C63D9F000C0FC50 /* FBSDKMessengerShareKit.framework */,
				9E9E5EFB1C63D9F000C0FC50 /* FBSDKShareKit.framework */,
				9E22D3FF1C61943C00E88020 /* Bolts.framework */,
				9E22D4001C61943C00E88020 /* Parse.framework */,
				9E22D4011C61943C00E88020 /* ParseFacebookUtils.framework */,
				9E22D4021C61943C00E88020 /* ParseFacebookUtilsV4.framework */,
				9E22D4031C61943C00E88020 /* ParseTwitterUtils.framework */,
				9E22D4041C61943C00E88020 /* ParseUI.framework */,
				9E22D3E51C61910200E88020 /* libsqlite3.tbd */,
				9E22D3E31C6190F300E88020 /* libz.tbd */,
				9E22D3E11C6190E900E88020 /* SystemConfiguration.framework */,
				9E22D3DF1C6190DC00E88020 /* StoreKit.framework */,
				9E22D3DD1C6190D500E88020 /* Security.framework */,
				9E22D3DB1C6190C800E88020 /* CoreLocation.framework */,
				9E22D3D91C6190BC00E88020 /* CFNetwork.framework */,
				9E22D3D71C6190B000E88020 /* AudioToolbox.framework */,
				9E22D3D51C6190A300E88020 /* QuartzCore.framework */,
				9E22D3D31C61909D00E88020 /* CoreGraphics.framework */,
			);
			name = framework;
			sourceTree = "<group>";
		};
		9E22D4111C61997300E88020 /* ViewControllers */ = {
			isa = PBXGroup;
			children = (
				9E9E5EF21C62E48800C0FC50 /* LandingViewController.h */,
				9E9E5EF31C62E48800C0FC50 /* LandingViewController.m */,
				9E05B7091C613901004B7A51 /* LoginViewController.h */,
				9E05B70A1C613901004B7A51 /* LoginViewController.m */,
				9E22D42C1C61A09400E88020 /* CustomLoginViewController.h */,
				9E22D42D1C61A09400E88020 /* CustomLoginViewController.m */,
				9E64BF6A1D5BDB5F009F8470 /* CustomTableCell.h */,
				9E64BF6B1D5BDB5F009F8470 /* CustomTableCell.m */,
				9EEF76641CA5F88F008825B7 /* MainView.h */,
				9EEF76651CA5F88F008825B7 /* MainView.m */,
				9EEF766A1CA7AEA2008825B7 /* NoteView.h */,
				9EEF766B1CA7AEA2008825B7 /* NoteView.m */,
			);
			name = ViewControllers;
			sourceTree = "<group>";
		};
/* End PBXGroup section */

/* Begin PBXNativeTarget section */
		9E05B6FF1C613901004B7A51 /* ToDoList */ = {
			isa = PBXNativeTarget;
			buildConfigurationList = 9E05B72D1C613901004B7A51 /* Build configuration list for PBXNativeTarget "ToDoList" */;
			buildPhases = (
				9E05B6FC1C613901004B7A51 /* Sources */,
				9E05B6FD1C613901004B7A51 /* Frameworks */,
				9E05B6FE1C613901004B7A51 /* Resources */,
			);
			buildRules = (
			);
			dependencies = (
			);
			name = ToDoList;
			productName = ToDoList;
			productReference = 9E05B7001C613901004B7A51 /* ToDoList.app */;
			productType = "com.apple.product-type.application";
		};
		9E05B7181C613901004B7A51 /* ToDoListTests */ = {
			isa = PBXNativeTarget;
			buildConfigurationList = 9E05B7301C613901004B7A51 /* Build configuration list for PBXNativeTarget "ToDoListTests" */;
			buildPhases = (
				9E05B7151C613901004B7A51 /* Sources */,
				9E05B7161C613901004B7A51 /* Frameworks */,
				9E05B7171C613901004B7A51 /* Resources */,
			);
			buildRules = (
			);
			dependencies = (
				9E05B71B1C613901004B7A51 /* PBXTargetDependency */,
			);
			name = ToDoListTests;
			productName = ToDoListTests;
			productReference = 9E05B7191C613901004B7A51 /* ToDoListTests.xctest */;
			productType = "com.apple.product-type.bundle.unit-test";
		};
		9E05B7231C613901004B7A51 /* ToDoListUITests */ = {
			isa = PBXNativeTarget;
			buildConfigurationList = 9E05B7331C613901004B7A51 /* Build configuration list for PBXNativeTarget "ToDoListUITests" */;
			buildPhases = (
				9E05B7201C613901004B7A51 /* Sources */,
				9E05B7211C613901004B7A51 /* Frameworks */,
				9E05B7221C613901004B7A51 /* Resources */,
			);
			buildRules = (
			);
			dependencies = (
				9E05B7261C613901004B7A51 /* PBXTargetDependency */,
			);
			name = ToDoListUITests;
			productName = ToDoListUITests;
			productReference = 9E05B7241C613901004B7A51 /* ToDoListUITests.xctest */;
			productType = "com.apple.product-type.bundle.ui-testing";
		};
/* End PBXNativeTarget section */

/* Begin PBXProject section */
		9E05B6F81C613901004B7A51 /* Project object */ = {
			isa = PBXProject;
			attributes = {
				LastUpgradeCheck = 0720;
				ORGANIZATIONNAME = "Julian Serog";
				TargetAttributes = {
					9E05B6FF1C613901004B7A51 = {
						CreatedOnToolsVersion = 7.2;
						DevelopmentTeam = KX2F6DCESX;
					};
					9E05B7181C613901004B7A51 = {
						CreatedOnToolsVersion = 7.2;
						DevelopmentTeam = KX2F6DCESX;
						TestTargetID = 9E05B6FF1C613901004B7A51;
					};
					9E05B7231C613901004B7A51 = {
						CreatedOnToolsVersion = 7.2;
						DevelopmentTeam = KX2F6DCESX;
						TestTargetID = 9E05B6FF1C613901004B7A51;
					};
				};
			};
			buildConfigurationList = 9E05B6FB1C613901004B7A51 /* Build configuration list for PBXProject "ToDoList" */;
			compatibilityVersion = "Xcode 3.2";
			developmentRegion = English;
			hasScannedForEncodings = 0;
			knownRegions = (
				en,
				Base,
			);
			mainGroup = 9E05B6F71C613901004B7A51;
			productRefGroup = 9E05B7011C613901004B7A51 /* Products */;
			projectDirPath = "";
			projectRoot = "";
			targets = (
				9E05B6FF1C613901004B7A51 /* ToDoList */,
				9E05B7181C613901004B7A51 /* ToDoListTests */,
				9E05B7231C613901004B7A51 /* ToDoListUITests */,
			);
		};
/* End PBXProject section */

/* Begin PBXResourcesBuildPhase section */
		9E05B6FE1C613901004B7A51 /* Resources */ = {
			isa = PBXResourcesBuildPhase;
			buildActionMask = 2147483647;
			files = (
				9E9E5EFC1C63D9F000C0FC50 /* DocSets in Resources */,
				9EEF76681CA7690F008825B7 /* Main.storyboard in Resources */,
				9E4F7DAE1CB6E0D6001DE89A /* logo.png in Resources */,
				9E9E5EFD1C63D9F000C0FC50 /* FacebookSDKStrings.bundle in Resources */,
				9E05B7131C613901004B7A51 /* LaunchScreen.storyboard in Resources */,
				9E05B7101C613901004B7A51 /* Assets.xcassets in Resources */,
			);
			runOnlyForDeploymentPostprocessing = 0;
		};
		9E05B7171C613901004B7A51 /* Resources */ = {
			isa = PBXResourcesBuildPhase;
			buildActionMask = 2147483647;
			files = (
			);
			runOnlyForDeploymentPostprocessing = 0;
		};
		9E05B7221C613901004B7A51 /* Resources */ = {
			isa = PBXResourcesBuildPhase;
			buildActionMask = 2147483647;
			files = (
			);
			runOnlyForDeploymentPostprocessing = 0;
		};
/* End PBXResourcesBuildPhase section */

/* Begin PBXSourcesBuildPhase section */
		9E05B6FC1C613901004B7A51 /* Sources */ = {
			isa = PBXSourcesBuildPhase;
			buildActionMask = 2147483647;
			files = (
				9E05B70B1C613901004B7A51 /* LoginViewController.m in Sources */,
				9E05B7081C613901004B7A51 /* AppDelegate.m in Sources */,
				9EEF76661CA5F88F008825B7 /* MainView.m in Sources */,
				9E05B7051C613901004B7A51 /* main.m in Sources */,
				9E9E5EF41C62E48800C0FC50 /* LandingViewController.m in Sources */,
				9E22D42E1C61A09400E88020 /* CustomLoginViewController.m in Sources */,
				9EEF766C1CA7AEA2008825B7 /* NoteView.m in Sources */,
				9E64BF6C1D5BDB5F009F8470 /* CustomTableCell.m in Sources */,
			);
			runOnlyForDeploymentPostprocessing = 0;
		};
		9E05B7151C613901004B7A51 /* Sources */ = {
			isa = PBXSourcesBuildPhase;
			buildActionMask = 2147483647;
			files = (
				9E05B71E1C613901004B7A51 /* ToDoListTests.m in Sources */,
			);
			runOnlyForDeploymentPostprocessing = 0;
		};
		9E05B7201C613901004B7A51 /* Sources */ = {
			isa = PBXSourcesBuildPhase;
			buildActionMask = 2147483647;
			files = (
				9E05B7291C613901004B7A51 /* ToDoListUITests.m in Sources */,
			);
			runOnlyForDeploymentPostprocessing = 0;
		};
/* End PBXSourcesBuildPhase section */

/* Begin PBXTargetDependency section */
		9E05B71B1C613901004B7A51 /* PBXTargetDependency */ = {
			isa = PBXTargetDependency;
			target = 9E05B6FF1C613901004B7A51 /* ToDoList */;
			targetProxy = 9E05B71A1C613901004B7A51 /* PBXContainerItemProxy */;
		};
		9E05B7261C613901004B7A51 /* PBXTargetDependency */ = {
			isa = PBXTargetDependency;
			target = 9E05B6FF1C613901004B7A51 /* ToDoList */;
			targetProxy = 9E05B7251C613901004B7A51 /* PBXContainerItemProxy */;
		};
/* End PBXTargetDependency section */

/* Begin PBXVariantGroup section */
		9E05B7111C613901004B7A51 /* LaunchScreen.storyboard */ = {
			isa = PBXVariantGroup;
			children = (
				9E05B7121C613901004B7A51 /* Base */,
			);
			name = LaunchScreen.storyboard;
			sourceTree = "<group>";
		};
/* End PBXVariantGroup section */

/* Begin XCBuildConfiguration section */
		9E05B72B1C613901004B7A51 /* Debug */ = {
			isa = XCBuildConfiguration;
			buildSettings = {
				ALWAYS_SEARCH_USER_PATHS = NO;
				CLANG_CXX_LANGUAGE_STANDARD = "gnu++0x";
				CLANG_CXX_LIBRARY = "libc++";
				CLANG_ENABLE_MODULES = YES;
				CLANG_ENABLE_OBJC_ARC = YES;
				CLANG_WARN_BOOL_CONVERSION = YES;
				CLANG_WARN_CONSTANT_CONVERSION = YES;
				CLANG_WARN_DIRECT_OBJC_ISA_USAGE = YES_ERROR;
				CLANG_WARN_EMPTY_BODY = YES;
				CLANG_WARN_ENUM_CONVERSION = YES;
				CLANG_WARN_INT_CONVERSION = YES;
				CLANG_WARN_OBJC_ROOT_CLASS = YES_ERROR;
				CLANG_WARN_UNREACHABLE_CODE = YES;
				CLANG_WARN__DUPLICATE_METHOD_MATCH = YES;
				"CODE_SIGN_IDENTITY[sdk=iphoneos*]" = "iPhone Developer";
				COPY_PHASE_STRIP = NO;
				DEBUG_INFORMATION_FORMAT = dwarf;
				ENABLE_STRICT_OBJC_MSGSEND = YES;
				ENABLE_TESTABILITY = YES;
				GCC_C_LANGUAGE_STANDARD = gnu99;
				GCC_DYNAMIC_NO_PIC = NO;
				GCC_NO_COMMON_BLOCKS = YES;
				GCC_OPTIMIZATION_LEVEL = 0;
				GCC_PREPROCESSOR_DEFINITIONS = (
					"DEBUG=1",
					"$(inherited)",
				);
				GCC_WARN_64_TO_32_BIT_CONVERSION = YES;
				GCC_WARN_ABOUT_RETURN_TYPE = YES_ERROR;
				GCC_WARN_UNDECLARED_SELECTOR = YES;
				GCC_WARN_UNINITIALIZED_AUTOS = YES_AGGRESSIVE;
				GCC_WARN_UNUSED_FUNCTION = YES;
				GCC_WARN_UNUSED_VARIABLE = YES;
				IPHONEOS_DEPLOYMENT_TARGET = 9.2;
				MTL_ENABLE_DEBUG_INFO = YES;
				ONLY_ACTIVE_ARCH = YES;
				SDKROOT = iphoneos;
				TARGETED_DEVICE_FAMILY = "1,2";
			};
			name = Debug;
		};
		9E05B72C1C613901004B7A51 /* Release */ = {
			isa = XCBuildConfiguration;
			buildSettings = {
				ALWAYS_SEARCH_USER_PATHS = NO;
				CLANG_CXX_LANGUAGE_STANDARD = "gnu++0x";
				CLANG_CXX_LIBRARY = "libc++";
				CLANG_ENABLE_MODULES = YES;
				CLANG_ENABLE_OBJC_ARC = YES;
				CLANG_WARN_BOOL_CONVERSION = YES;
				CLANG_WARN_CONSTANT_CONVERSION = YES;
				CLANG_WARN_DIRECT_OBJC_ISA_USAGE = YES_ERROR;
				CLANG_WARN_EMPTY_BODY = YES;
				CLANG_WARN_ENUM_CONVERSION = YES;
				CLANG_WARN_INT_CONVERSION = YES;
				CLANG_WARN_OBJC_ROOT_CLASS = YES_ERROR;
				CLANG_WARN_UNREACHABLE_CODE = YES;
				CLANG_WARN__DUPLICATE_METHOD_MATCH = YES;
				"CODE_SIGN_IDENTITY[sdk=iphoneos*]" = "iPhone Developer";
				COPY_PHASE_STRIP = NO;
				DEBUG_INFORMATION_FORMAT = "dwarf-with-dsym";
				ENABLE_NS_ASSERTIONS = NO;
				ENABLE_STRICT_OBJC_MSGSEND = YES;
				GCC_C_LANGUAGE_STANDARD = gnu99;
				GCC_NO_COMMON_BLOCKS = YES;
				GCC_WARN_64_TO_32_BIT_CONVERSION = YES;
				GCC_WARN_ABOUT_RETURN_TYPE = YES_ERROR;
				GCC_WARN_UNDECLARED_SELECTOR = YES;
				GCC_WARN_UNINITIALIZED_AUTOS = YES_AGGRESSIVE;
				GCC_WARN_UNUSED_FUNCTION = YES;
				GCC_WARN_UNUSED_VARIABLE = YES;
				IPHONEOS_DEPLOYMENT_TARGET = 9.2;
				MTL_ENABLE_DEBUG_INFO = NO;
				SDKROOT = iphoneos;
				TARGETED_DEVICE_FAMILY = "1,2";
				VALIDATE_PRODUCT = YES;
			};
			name = Release;
		};
		9E05B72E1C613901004B7A51 /* Debug */ = {
			isa = XCBuildConfiguration;
			buildSettings = {
				ASSETCATALOG_COMPILER_APPICON_NAME = AppIcon;
				FRAMEWORK_SEARCH_PATHS = (
					"$(inherited)",
					"$(PROJECT_DIR)",
				);
				INFOPLIST_FILE = ToDoList/Info.plist;
				LD_RUNPATH_SEARCH_PATHS = "$(inherited) @executable_path/Frameworks";
				PRODUCT_BUNDLE_IDENTIFIER = JSerog.ToDoList;
				PRODUCT_NAME = "$(TARGET_NAME)";
			};
			name = Debug;
		};
		9E05B72F1C613901004B7A51 /* Release */ = {
			isa = XCBuildConfiguration;
			buildSettings = {
				ASSETCATALOG_COMPILER_APPICON_NAME = AppIcon;
				FRAMEWORK_SEARCH_PATHS = (
					"$(inherited)",
					"$(PROJECT_DIR)",
				);
				INFOPLIST_FILE = ToDoList/Info.plist;
				LD_RUNPATH_SEARCH_PATHS = "$(inherited) @executable_path/Frameworks";
				PRODUCT_BUNDLE_IDENTIFIER = JSerog.ToDoList;
				PRODUCT_NAME = "$(TARGET_NAME)";
			};
			name = Release;
		};
		9E05B7311C613901004B7A51 /* Debug */ = {
			isa = XCBuildConfiguration;
			buildSettings = {
				BUNDLE_LOADER = "$(TEST_HOST)";
				INFOPLIST_FILE = ToDoListTests/Info.plist;
				LD_RUNPATH_SEARCH_PATHS = "$(inherited) @executable_path/Frameworks @loader_path/Frameworks";
				PRODUCT_BUNDLE_IDENTIFIER = JSSerog.ToDoListTests;
				PRODUCT_NAME = "$(TARGET_NAME)";
				TEST_HOST = "$(BUILT_PRODUCTS_DIR)/ToDoList.app/ToDoList";
			};
			name = Debug;
		};
		9E05B7321C613901004B7A51 /* Release */ = {
			isa = XCBuildConfiguration;
			buildSettings = {
				BUNDLE_LOADER = "$(TEST_HOST)";
				INFOPLIST_FILE = ToDoListTests/Info.plist;
				LD_RUNPATH_SEARCH_PATHS = "$(inherited) @executable_path/Frameworks @loader_path/Frameworks";
				PRODUCT_BUNDLE_IDENTIFIER = JSSerog.ToDoListTests;
				PRODUCT_NAME = "$(TARGET_NAME)";
				TEST_HOST = "$(BUILT_PRODUCTS_DIR)/ToDoList.app/ToDoList";
			};
			name = Release;
		};
		9E05B7341C613901004B7A51 /* Debug */ = {
			isa = XCBuildConfiguration;
			buildSettings = {
				INFOPLIST_FILE = ToDoListUITests/Info.plist;
				LD_RUNPATH_SEARCH_PATHS = "$(inherited) @executable_path/Frameworks @loader_path/Frameworks";
				PRODUCT_BUNDLE_IDENTIFIER = JSSerog.ToDoListUITests;
				PRODUCT_NAME = "$(TARGET_NAME)";
				TEST_TARGET_NAME = ToDoList;
				USES_XCTRUNNER = YES;
			};
			name = Debug;
		};
		9E05B7351C613901004B7A51 /* Release */ = {
			isa = XCBuildConfiguration;
			buildSettings = {
				INFOPLIST_FILE = ToDoListUITests/Info.plist;
				LD_RUNPATH_SEARCH_PATHS = "$(inherited) @executable_path/Frameworks @loader_path/Frameworks";
				PRODUCT_BUNDLE_IDENTIFIER = JSSerog.ToDoListUITests;
				PRODUCT_NAME = "$(TARGET_NAME)";
				TEST_TARGET_NAME = ToDoList;
				USES_XCTRUNNER = YES;
			};
			name = Release;
		};
/* End XCBuildConfiguration section */

/* Begin XCConfigurationList section */
		9E05B6FB1C613901004B7A51 /* Build configuration list for PBXProject "ToDoList" */ = {
			isa = XCConfigurationList;
			buildConfigurations = (
				9E05B72B1C613901004B7A51 /* Debug */,
				9E05B72C1C613901004B7A51 /* Release */,
			);
			defaultConfigurationIsVisible = 0;
			defaultConfigurationName = Release;
		};
		9E05B72D1C613901004B7A51 /* Build configuration list for PBXNativeTarget "ToDoList" */ = {
			isa = XCConfigurationList;
			buildConfigurations = (
				9E05B72E1C613901004B7A51 /* Debug */,
				9E05B72F1C613901004B7A51 /* Release */,
			);
			defaultConfigurationIsVisible = 0;
			defaultConfigurationName = Release;
		};
		9E05B7301C613901004B7A51 /* Build configuration list for PBXNativeTarget "ToDoListTests" */ = {
			isa = XCConfigurationList;
			buildConfigurations = (
				9E05B7311C613901004B7A51 /* Debug */,
				9E05B7321C613901004B7A51 /* Release */,
			);
			defaultConfigurationIsVisible = 0;
			defaultConfigurationName = Release;
		};
		9E05B7331C613901004B7A51 /* Build configuration list for PBXNativeTarget "ToDoListUITests" */ = {
			isa = XCConfigurationList;
			buildConfigurations = (
				9E05B7341C613901004B7A51 /* Debug */,
				9E05B7351C613901004B7A51 /* Release */,
			);
			defaultConfigurationIsVisible = 0;
			defaultConfigurationName = Release;
		};
/* End XCConfigurationList section */
	};
	rootObject = 9E05B6F81C613901004B7A51 /* Project object */;
}
